
Microsoft Visual Studio Solution File, Format Version 12.00
# Visual Studio Version 16
VisualStudioVersion = 16.0.31424.327
MinimumVisualStudioVersion = 10.0.40219.1
Project("{FAE04EC0-301F-11D3-BF4B-00C04F79EFBC}") = "MostCommonBdaysWebsite", "MostCommonBdaysWebsite\MostCommonBdaysWebsite.csproj", "{A5AE8A95-06CA-44EC-9032-90951E0EF60C}"
EndProject
Global
	GlobalSection(SolutionConfigurationPlatforms) = preSolution
		Debug|Any CPU = Debug|Any CPU
		Release|Any CPU = Release|Any CPU
	EndGlobalSection
	GlobalSection(ProjectConfigurationPlatforms) = postSolution
		{A5AE8A95-06CA-44EC-9032-90951E0EF60C}.Debug|Any CPU.ActiveCfg = Debug|Any CPU
		{A5AE8A95-06CA-44EC-9032-90951E0EF60C}.Debug|Any CPU.Build.0 = Debug|Any CPU
		{A5AE8A95-06CA-44EC-9032-90951E0EF60C}.Release|Any CPU.ActiveCfg = Release|Any CPU
		{A5AE8A95-06CA-44EC-9032-90951E0EF60C}.Release|Any CPU.Build.0 = Release|Any CPU
	EndGlobalSection
	GlobalSection(SolutionProperties) = preSolution
		HideSolutionNode = FALSE
	EndGlobalSection
	GlobalSection(ExtensibilityGlobals) = postSolution
		SolutionGuid = {F02BA960-9922-4AFD-93AC-56D4F2512718}
	EndGlobalSection
EndGlobal
